
Microsoft Visual Studio Solution File, Format Version 12.00
# Visual Studio 2015
Project("{8BC9CEB8-8B4A-11D0-8D11-00A0C91BC942}") = "GA-Yang", "GA-Yang.vcxproj", "{27B20338-1320-4DAE-917F-92490DA53B0C}"
EndProject
Project("{2150E333-8FDC-42A3-9474-1A3956D46DE8}") = "Solution Items", "Solution Items", "{AC9BD7DE-A950-42A1-A7D0-1D9D322F7BFF}"
	ProjectSection(SolutionItems) = preProject
		Doxyfile = Doxyfile
		UMLModel.eap = UMLModel.eap
	EndProjectSection
EndProject
Project("{8BC9CEB8-8B4A-11D0-8D11-00A0C91BC942}") = "CleanCEUList", "..\CleanCEUList\CleanCEUList.vcxproj", "{9300D167-95B5-446E-A707-78B058B79AD4}"
EndProject
Project("{8BC9CEB8-8B4A-11D0-8D11-00A0C91BC942}") = "HapSample", "..\hapsample-0.12\HapSample.vcxproj", "{77DA6E62-830E-4917-AACA-2D66B3797758}"
EndProject
Project("{8BC9CEB8-8B4A-11D0-8D11-00A0C91BC942}") = "CrohnDataFiller", "..\CrohnDataFiller\CrohnDataFiller.vcxproj", "{FF69DF12-E640-4465-A6C1-40A75322BC01}"
EndProject
Project("{8BC9CEB8-8B4A-11D0-8D11-00A0C91BC942}") = "DistributionGenerator", "..\DistributionGenerator\DistributionGenerator.vcxproj", "{0C1C598D-ACD0-4211-9B1D-52A8F89F698F}"
EndProject
Project("{8BC9CEB8-8B4A-11D0-8D11-00A0C91BC942}") = "StstisticsCalculator", "..\StstisticsCalculator\StstisticsCalculator.vcxproj", "{0BCE03E3-F1DE-43F2-90F4-AC8ECF5A203B}"
EndProject
Project("{8BC9CEB8-8B4A-11D0-8D11-00A0C91BC942}") = "SyntheticGenerator", "..\SyntheticGenerator\SyntheticGenerator.vcxproj", "{2BD66C8E-ED85-4638-B5D4-22B64671782C}"
EndProject
Global
	GlobalSection(SolutionConfigurationPlatforms) = preSolution
		Debug|Mixed Platforms = Debug|Mixed Platforms
		Debug|Win32 = Debug|Win32
		Debug|x64 = Debug|x64
		Release|Mixed Platforms = Release|Mixed Platforms
		Release|Win32 = Release|Win32
		Release|x64 = Release|x64
	EndGlobalSection
	GlobalSection(ProjectConfigurationPlatforms) = postSolution
		{27B20338-1320-4DAE-917F-92490DA53B0C}.Debug|Mixed Platforms.ActiveCfg = Debug|Win32
		{27B20338-1320-4DAE-917F-92490DA53B0C}.Debug|Mixed Platforms.Build.0 = Debug|Win32
		{27B20338-1320-4DAE-917F-92490DA53B0C}.Debug|Win32.ActiveCfg = Debug|Win32
		{27B20338-1320-4DAE-917F-92490DA53B0C}.Debug|Win32.Build.0 = Debug|Win32
		{27B20338-1320-4DAE-917F-92490DA53B0C}.Debug|x64.ActiveCfg = Debug|x64
		{27B20338-1320-4DAE-917F-92490DA53B0C}.Debug|x64.Build.0 = Debug|x64
		{27B20338-1320-4DAE-917F-92490DA53B0C}.Release|Mixed Platforms.ActiveCfg = Release|Win32
		{27B20338-1320-4DAE-917F-92490DA53B0C}.Release|Mixed Platforms.Build.0 = Release|Win32
		{27B20338-1320-4DAE-917F-92490DA53B0C}.Release|Win32.ActiveCfg = Release|Win32
		{27B20338-1320-4DAE-917F-92490DA53B0C}.Release|Win32.Build.0 = Release|Win32
		{27B20338-1320-4DAE-917F-92490DA53B0C}.Release|x64.ActiveCfg = Release|x64
		{27B20338-1320-4DAE-917F-92490DA53B0C}.Release|x64.Build.0 = Release|x64
		{9300D167-95B5-446E-A707-78B058B79AD4}.Debug|Mixed Platforms.ActiveCfg = Debug|Win32
		{9300D167-95B5-446E-A707-78B058B79AD4}.Debug|Mixed Platforms.Build.0 = Debug|Win32
		{9300D167-95B5-446E-A707-78B058B79AD4}.Debug|Win32.ActiveCfg = Debug|Win32
		{9300D167-95B5-446E-A707-78B058B79AD4}.Debug|Win32.Build.0 = Debug|Win32
		{9300D167-95B5-446E-A707-78B058B79AD4}.Debug|x64.ActiveCfg = Debug|x64
		{9300D167-95B5-446E-A707-78B058B79AD4}.Debug|x64.Build.0 = Debug|x64
		{9300D167-95B5-446E-A707-78B058B79AD4}.Release|Mixed Platforms.ActiveCfg = Release|Win32
		{9300D167-95B5-446E-A707-78B058B79AD4}.Release|Mixed Platforms.Build.0 = Release|Win32
		{9300D167-95B5-446E-A707-78B058B79AD4}.Release|Win32.ActiveCfg = Release|Win32
		{9300D167-95B5-446E-A707-78B058B79AD4}.Release|Win32.Build.0 = Release|Win32
		{9300D167-95B5-446E-A707-78B058B79AD4}.Release|x64.ActiveCfg = Release|x64
		{77DA6E62-830E-4917-AACA-2D66B3797758}.Debug|Mixed Platforms.ActiveCfg = Debug|Win32
		{77DA6E62-830E-4917-AACA-2D66B3797758}.Debug|Mixed Platforms.Build.0 = Debug|Win32
		{77DA6E62-830E-4917-AACA-2D66B3797758}.Debug|Win32.ActiveCfg = Debug|Win32
		{77DA6E62-830E-4917-AACA-2D66B3797758}.Debug|Win32.Build.0 = Debug|Win32
		{77DA6E62-830E-4917-AACA-2D66B3797758}.Debug|x64.ActiveCfg = Debug|x64
		{77DA6E62-830E-4917-AACA-2D66B3797758}.Debug|x64.Build.0 = Debug|x64
		{77DA6E62-830E-4917-AACA-2D66B3797758}.Release|Mixed Platforms.ActiveCfg = Release|Win32
		{77DA6E62-830E-4917-AACA-2D66B3797758}.Release|Mixed Platforms.Build.0 = Release|Win32
		{77DA6E62-830E-4917-AACA-2D66B3797758}.Release|Win32.ActiveCfg = Release|Win32
		{77DA6E62-830E-4917-AACA-2D66B3797758}.Release|Win32.Build.0 = Release|Win32
		{77DA6E62-830E-4917-AACA-2D66B3797758}.Release|x64.ActiveCfg = Release|x64
		{77DA6E62-830E-4917-AACA-2D66B3797758}.Release|x64.Build.0 = Release|x64
		{FF69DF12-E640-4465-A6C1-40A75322BC01}.Debug|Mixed Platforms.ActiveCfg = Debug|Win32
		{FF69DF12-E640-4465-A6C1-40A75322BC01}.Debug|Mixed Platforms.Build.0 = Debug|Win32
		{FF69DF12-E640-4465-A6C1-40A75322BC01}.Debug|Win32.ActiveCfg = Debug|Win32
		{FF69DF12-E640-4465-A6C1-40A75322BC01}.Debug|Win32.Build.0 = Debug|Win32
		{FF69DF12-E640-4465-A6C1-40A75322BC01}.Debug|x64.ActiveCfg = Debug|Win32
		{FF69DF12-E640-4465-A6C1-40A75322BC01}.Release|Mixed Platforms.ActiveCfg = Release|Win32
		{FF69DF12-E640-4465-A6C1-40A75322BC01}.Release|Mixed Platforms.Build.0 = Release|Win32
		{FF69DF12-E640-4465-A6C1-40A75322BC01}.Release|Win32.ActiveCfg = Release|Win32
		{FF69DF12-E640-4465-A6C1-40A75322BC01}.Release|Win32.Build.0 = Release|Win32
		{FF69DF12-E640-4465-A6C1-40A75322BC01}.Release|x64.ActiveCfg = Release|Win32
		{0C1C598D-ACD0-4211-9B1D-52A8F89F698F}.Debug|Mixed Platforms.ActiveCfg = Debug|Win32
		{0C1C598D-ACD0-4211-9B1D-52A8F89F698F}.Debug|Mixed Platforms.Build.0 = Debug|Win32
		{0C1C598D-ACD0-4211-9B1D-52A8F89F698F}.Debug|Win32.ActiveCfg = Debug|Win32
		{0C1C598D-ACD0-4211-9B1D-52A8F89F698F}.Debug|Win32.Build.0 = Debug|Win32
		{0C1C598D-ACD0-4211-9B1D-52A8F89F698F}.Debug|x64.ActiveCfg = Debug|x64
		{0C1C598D-ACD0-4211-9B1D-52A8F89F698F}.Debug|x64.Build.0 = Debug|x64
		{0C1C598D-ACD0-4211-9B1D-52A8F89F698F}.Release|Mixed Platforms.ActiveCfg = Release|Win32
		{0C1C598D-ACD0-4211-9B1D-52A8F89F698F}.Release|Mixed Platforms.Build.0 = Release|Win32
		{0C1C598D-ACD0-4211-9B1D-52A8F89F698F}.Release|Win32.ActiveCfg = Release|Win32
		{0C1C598D-ACD0-4211-9B1D-52A8F89F698F}.Release|Win32.Build.0 = Release|Win32
		{0C1C598D-ACD0-4211-9B1D-52A8F89F698F}.Release|x64.ActiveCfg = Release|x64
		{0C1C598D-ACD0-4211-9B1D-52A8F89F698F}.Release|x64.Build.0 = Release|x64
		{0BCE03E3-F1DE-43F2-90F4-AC8ECF5A203B}.Debug|Mixed Platforms.ActiveCfg = Debug|Win32
		{0BCE03E3-F1DE-43F2-90F4-AC8ECF5A203B}.Debug|Mixed Platforms.Build.0 = Debug|Win32
		{0BCE03E3-F1DE-43F2-90F4-AC8ECF5A203B}.Debug|Win32.ActiveCfg = Debug|Win32
		{0BCE03E3-F1DE-43F2-90F4-AC8ECF5A203B}.Debug|Win32.Build.0 = Debug|Win32
		{0BCE03E3-F1DE-43F2-90F4-AC8ECF5A203B}.Debug|x64.ActiveCfg = Debug|x64
		{0BCE03E3-F1DE-43F2-90F4-AC8ECF5A203B}.Debug|x64.Build.0 = Debug|x64
		{0BCE03E3-F1DE-43F2-90F4-AC8ECF5A203B}.Release|Mixed Platforms.ActiveCfg = Release|Win32
		{0BCE03E3-F1DE-43F2-90F4-AC8ECF5A203B}.Release|Mixed Platforms.Build.0 = Release|Win32
		{0BCE03E3-F1DE-43F2-90F4-AC8ECF5A203B}.Release|Win32.ActiveCfg = Release|Win32
		{0BCE03E3-F1DE-43F2-90F4-AC8ECF5A203B}.Release|Win32.Build.0 = Release|Win32
		{0BCE03E3-F1DE-43F2-90F4-AC8ECF5A203B}.Release|x64.ActiveCfg = Release|x64
		{0BCE03E3-F1DE-43F2-90F4-AC8ECF5A203B}.Release|x64.Build.0 = Release|x64
		{2BD66C8E-ED85-4638-B5D4-22B64671782C}.Debug|Mixed Platforms.ActiveCfg = Debug|Win32
		{2BD66C8E-ED85-4638-B5D4-22B64671782C}.Debug|Mixed Platforms.Build.0 = Debug|Win32
		{2BD66C8E-ED85-4638-B5D4-22B64671782C}.Debug|Win32.ActiveCfg = Debug|Win32
		{2BD66C8E-ED85-4638-B5D4-22B64671782C}.Debug|Win32.Build.0 = Debug|Win32
		{2BD66C8E-ED85-4638-B5D4-22B64671782C}.Debug|x64.ActiveCfg = Debug|x64
		{2BD66C8E-ED85-4638-B5D4-22B64671782C}.Debug|x64.Build.0 = Debug|x64
		{2BD66C8E-ED85-4638-B5D4-22B64671782C}.Release|Mixed Platforms.ActiveCfg = Release|Win32
		{2BD66C8E-ED85-4638-B5D4-22B64671782C}.Release|Mixed Platforms.Build.0 = Release|Win32
		{2BD66C8E-ED85-4638-B5D4-22B64671782C}.Release|Win32.ActiveCfg = Release|Win32
		{2BD66C8E-ED85-4638-B5D4-22B64671782C}.Release|Win32.Build.0 = Release|Win32
		{2BD66C8E-ED85-4638-B5D4-22B64671782C}.Release|x64.ActiveCfg = Release|x64
		{2BD66C8E-ED85-4638-B5D4-22B64671782C}.Release|x64.Build.0 = Release|x64
	EndGlobalSection
	GlobalSection(SolutionProperties) = preSolution
		HideSolutionNode = FALSE
	EndGlobalSection
EndGlobal
